
Microsoft Visual Studio Solution File, Format Version 12.00
# Visual Studio Version 17
VisualStudioVersion = 17.5.002.0
MinimumVisualStudioVersion = 10.0.40219.1
Project("{9A19103F-16F7-4668-BE54-9A1E7A4F7556}") = "UserDBTask3", "UserDBTask3.csproj", "{929ADFB7-12A1-4A94-BAC3-A7FD7FBDC204}"
EndProject
Global
	GlobalSection(SolutionConfigurationPlatforms) = preSolution
		Debug|Any CPU = Debug|Any CPU
		Release|Any CPU = Release|Any CPU
	EndGlobalSection
	GlobalSection(ProjectConfigurationPlatforms) = postSolution
		{929ADFB7-12A1-4A94-BAC3-A7FD7FBDC204}.Debug|Any CPU.ActiveCfg = Debug|Any CPU
		{929ADFB7-12A1-4A94-BAC3-A7FD7FBDC204}.Debug|Any CPU.Build.0 = Debug|Any CPU
		{929ADFB7-12A1-4A94-BAC3-A7FD7FBDC204}.Release|Any CPU.ActiveCfg = Release|Any CPU
		{929ADFB7-12A1-4A94-BAC3-A7FD7FBDC204}.Release|Any CPU.Build.0 = Release|Any CPU
	EndGlobalSection
	GlobalSection(SolutionProperties) = preSolution
		HideSolutionNode = FALSE
	EndGlobalSection
	GlobalSection(ExtensibilityGlobals) = postSolution
		SolutionGuid = {3FB81B1A-506A-457C-8521-48F84D8C4079}
	EndGlobalSection
EndGlobal
